
Microsoft Visual Studio Solution File, Format Version 12.00
# Visual Studio Version 17
VisualStudioVersion = 17.0.31903.59
MinimumVisualStudioVersion = 10.0.40219.1
Project("{2150E333-8FDC-42A3-9474-1A3956D46DE8}") = "src", "src", "{8AB2ACDA-950E-4208-BFB2-3643ABB47CC2}"
EndProject
Project("{FAE04EC0-301F-11D3-BF4B-00C04F79EFBC}") = "RiptideDlp.Core", "src\RiptideDlp.Core\RiptideDlp.Core.csproj", "{ED09F2CE-F11B-4D49-B5FE-F9121DF782AB}"
EndProject
Project("{FAE04EC0-301F-11D3-BF4B-00C04F79EFBC}") = "RiptideDlp", "src\RiptideDlp\RiptideDlp.csproj", "{049F28D9-3FC0-4759-9E6A-B90BBB73C817}"
EndProject
Global
	GlobalSection(SolutionConfigurationPlatforms) = preSolution
		Debug|Any CPU = Debug|Any CPU
		Release|Any CPU = Release|Any CPU
	EndGlobalSection
	GlobalSection(SolutionProperties) = preSolution
		HideSolutionNode = FALSE
	EndGlobalSection
	GlobalSection(ProjectConfigurationPlatforms) = postSolution
		{ED09F2CE-F11B-4D49-B5FE-F9121DF782AB}.Debug|Any CPU.ActiveCfg = Debug|Any CPU
		{ED09F2CE-F11B-4D49-B5FE-F9121DF782AB}.Debug|Any CPU.Build.0 = Debug|Any CPU
		{ED09F2CE-F11B-4D49-B5FE-F9121DF782AB}.Release|Any CPU.ActiveCfg = Release|Any CPU
		{ED09F2CE-F11B-4D49-B5FE-F9121DF782AB}.Release|Any CPU.Build.0 = Release|Any CPU
		{049F28D9-3FC0-4759-9E6A-B90BBB73C817}.Debug|Any CPU.ActiveCfg = Debug|Any CPU
		{049F28D9-3FC0-4759-9E6A-B90BBB73C817}.Debug|Any CPU.Build.0 = Debug|Any CPU
		{049F28D9-3FC0-4759-9E6A-B90BBB73C817}.Release|Any CPU.ActiveCfg = Release|Any CPU
		{049F28D9-3FC0-4759-9E6A-B90BBB73C817}.Release|Any CPU.Build.0 = Release|Any CPU
	EndGlobalSection
	GlobalSection(NestedProjects) = preSolution
		{ED09F2CE-F11B-4D49-B5FE-F9121DF782AB} = {8AB2ACDA-950E-4208-BFB2-3643ABB47CC2}
		{049F28D9-3FC0-4759-9E6A-B90BBB73C817} = {8AB2ACDA-950E-4208-BFB2-3643ABB47CC2}
	EndGlobalSection
EndGlobal
